
Microsoft Visual Studio Solution File, Format Version 12.00
# Visual Studio 15
VisualStudioVersion = 15.0.26124.0
MinimumVisualStudioVersion = 15.0.26124.0
Project("{FAE04EC0-301F-11D3-BF4B-00C04F79EFBC}") = "MyMath", "MyMath\MyMath.csproj", "{F04A0D94-E582-468B-9F89-4CFBF76F4859}"
EndProject
Project("{FAE04EC0-301F-11D3-BF4B-00C04F79EFBC}") = "MyMath.Tests", "MyMath.Tests\MyMath.Tests.csproj", "{5FB44E6B-4278-4E9B-92D9-39A825111B21}"
EndProject
Global
	GlobalSection(SolutionConfigurationPlatforms) = preSolution
		Debug|Any CPU = Debug|Any CPU
		Debug|x64 = Debug|x64
		Debug|x86 = Debug|x86
		Release|Any CPU = Release|Any CPU
		Release|x64 = Release|x64
		Release|x86 = Release|x86
	EndGlobalSection
	GlobalSection(SolutionProperties) = preSolution
		HideSolutionNode = FALSE
	EndGlobalSection
	GlobalSection(ProjectConfigurationPlatforms) = postSolution
		{F04A0D94-E582-468B-9F89-4CFBF76F4859}.Debug|Any CPU.ActiveCfg = Debug|Any CPU
		{F04A0D94-E582-468B-9F89-4CFBF76F4859}.Debug|Any CPU.Build.0 = Debug|Any CPU
		{F04A0D94-E582-468B-9F89-4CFBF76F4859}.Debug|x64.ActiveCfg = Debug|Any CPU
		{F04A0D94-E582-468B-9F89-4CFBF76F4859}.Debug|x64.Build.0 = Debug|Any CPU
		{F04A0D94-E582-468B-9F89-4CFBF76F4859}.Debug|x86.ActiveCfg = Debug|Any CPU
		{F04A0D94-E582-468B-9F89-4CFBF76F4859}.Debug|x86.Build.0 = Debug|Any CPU
		{F04A0D94-E582-468B-9F89-4CFBF76F4859}.Release|Any CPU.ActiveCfg = Release|Any CPU
		{F04A0D94-E582-468B-9F89-4CFBF76F4859}.Release|Any CPU.Build.0 = Release|Any CPU
		{F04A0D94-E582-468B-9F89-4CFBF76F4859}.Release|x64.ActiveCfg = Release|Any CPU
		{F04A0D94-E582-468B-9F89-4CFBF76F4859}.Release|x64.Build.0 = Release|Any CPU
		{F04A0D94-E582-468B-9F89-4CFBF76F4859}.Release|x86.ActiveCfg = Release|Any CPU
		{F04A0D94-E582-468B-9F89-4CFBF76F4859}.Release|x86.Build.0 = Release|Any CPU
		{5FB44E6B-4278-4E9B-92D9-39A825111B21}.Debug|Any CPU.ActiveCfg = Debug|Any CPU
		{5FB44E6B-4278-4E9B-92D9-39A825111B21}.Debug|Any CPU.Build.0 = Debug|Any CPU
		{5FB44E6B-4278-4E9B-92D9-39A825111B21}.Debug|x64.ActiveCfg = Debug|Any CPU
		{5FB44E6B-4278-4E9B-92D9-39A825111B21}.Debug|x64.Build.0 = Debug|Any CPU
		{5FB44E6B-4278-4E9B-92D9-39A825111B21}.Debug|x86.ActiveCfg = Debug|Any CPU
		{5FB44E6B-4278-4E9B-92D9-39A825111B21}.Debug|x86.Build.0 = Debug|Any CPU
		{5FB44E6B-4278-4E9B-92D9-39A825111B21}.Release|Any CPU.ActiveCfg = Release|Any CPU
		{5FB44E6B-4278-4E9B-92D9-39A825111B21}.Release|Any CPU.Build.0 = Release|Any CPU
		{5FB44E6B-4278-4E9B-92D9-39A825111B21}.Release|x64.ActiveCfg = Release|Any CPU
		{5FB44E6B-4278-4E9B-92D9-39A825111B21}.Release|x64.Build.0 = Release|Any CPU
		{5FB44E6B-4278-4E9B-92D9-39A825111B21}.Release|x86.ActiveCfg = Release|Any CPU
		{5FB44E6B-4278-4E9B-92D9-39A825111B21}.Release|x86.Build.0 = Release|Any CPU
	EndGlobalSection
EndGlobal
