
Microsoft Visual Studio Solution File, Format Version 12.00
# Visual Studio 15
VisualStudioVersion = 15.0.26124.0
MinimumVisualStudioVersion = 15.0.26124.0
Project("{FAE04EC0-301F-11D3-BF4B-00C04F79EFBC}") = "MyMath", "MyMath\MyMath.csproj", "{4922C2A1-B8A8-4C69-B7F7-B9D49FD5A037}"
EndProject
Project("{FAE04EC0-301F-11D3-BF4B-00C04F79EFBC}") = "MyMath.Tests", "MyMath.Tests\MyMath.Tests.csproj", "{56C4E81D-503A-42DE-BE06-E9F2758493CA}"
EndProject
Global
	GlobalSection(SolutionConfigurationPlatforms) = preSolution
		Debug|Any CPU = Debug|Any CPU
		Debug|x64 = Debug|x64
		Debug|x86 = Debug|x86
		Release|Any CPU = Release|Any CPU
		Release|x64 = Release|x64
		Release|x86 = Release|x86
	EndGlobalSection
	GlobalSection(SolutionProperties) = preSolution
		HideSolutionNode = FALSE
	EndGlobalSection
	GlobalSection(ProjectConfigurationPlatforms) = postSolution
		{4922C2A1-B8A8-4C69-B7F7-B9D49FD5A037}.Debug|Any CPU.ActiveCfg = Debug|Any CPU
		{4922C2A1-B8A8-4C69-B7F7-B9D49FD5A037}.Debug|Any CPU.Build.0 = Debug|Any CPU
		{4922C2A1-B8A8-4C69-B7F7-B9D49FD5A037}.Debug|x64.ActiveCfg = Debug|Any CPU
		{4922C2A1-B8A8-4C69-B7F7-B9D49FD5A037}.Debug|x64.Build.0 = Debug|Any CPU
		{4922C2A1-B8A8-4C69-B7F7-B9D49FD5A037}.Debug|x86.ActiveCfg = Debug|Any CPU
		{4922C2A1-B8A8-4C69-B7F7-B9D49FD5A037}.Debug|x86.Build.0 = Debug|Any CPU
		{4922C2A1-B8A8-4C69-B7F7-B9D49FD5A037}.Release|Any CPU.ActiveCfg = Release|Any CPU
		{4922C2A1-B8A8-4C69-B7F7-B9D49FD5A037}.Release|Any CPU.Build.0 = Release|Any CPU
		{4922C2A1-B8A8-4C69-B7F7-B9D49FD5A037}.Release|x64.ActiveCfg = Release|Any CPU
		{4922C2A1-B8A8-4C69-B7F7-B9D49FD5A037}.Release|x64.Build.0 = Release|Any CPU
		{4922C2A1-B8A8-4C69-B7F7-B9D49FD5A037}.Release|x86.ActiveCfg = Release|Any CPU
		{4922C2A1-B8A8-4C69-B7F7-B9D49FD5A037}.Release|x86.Build.0 = Release|Any CPU
		{56C4E81D-503A-42DE-BE06-E9F2758493CA}.Debug|Any CPU.ActiveCfg = Debug|Any CPU
		{56C4E81D-503A-42DE-BE06-E9F2758493CA}.Debug|Any CPU.Build.0 = Debug|Any CPU
		{56C4E81D-503A-42DE-BE06-E9F2758493CA}.Debug|x64.ActiveCfg = Debug|Any CPU
		{56C4E81D-503A-42DE-BE06-E9F2758493CA}.Debug|x64.Build.0 = Debug|Any CPU
		{56C4E81D-503A-42DE-BE06-E9F2758493CA}.Debug|x86.ActiveCfg = Debug|Any CPU
		{56C4E81D-503A-42DE-BE06-E9F2758493CA}.Debug|x86.Build.0 = Debug|Any CPU
		{56C4E81D-503A-42DE-BE06-E9F2758493CA}.Release|Any CPU.ActiveCfg = Release|Any CPU
		{56C4E81D-503A-42DE-BE06-E9F2758493CA}.Release|Any CPU.Build.0 = Release|Any CPU
		{56C4E81D-503A-42DE-BE06-E9F2758493CA}.Release|x64.ActiveCfg = Release|Any CPU
		{56C4E81D-503A-42DE-BE06-E9F2758493CA}.Release|x64.Build.0 = Release|Any CPU
		{56C4E81D-503A-42DE-BE06-E9F2758493CA}.Release|x86.ActiveCfg = Release|Any CPU
		{56C4E81D-503A-42DE-BE06-E9F2758493CA}.Release|x86.Build.0 = Release|Any CPU
	EndGlobalSection
EndGlobal
