
Microsoft Visual Studio Solution File, Format Version 12.00
# Visual Studio 15
VisualStudioVersion = 15.0.26124.0
MinimumVisualStudioVersion = 15.0.26124.0
Project("{FAE04EC0-301F-11D3-BF4B-00C04F79EFBC}") = "MyMath", "MyMath\MyMath.csproj", "{C44B0E55-8781-42C9-AC33-F0A54D38F6E9}"
EndProject
Project("{FAE04EC0-301F-11D3-BF4B-00C04F79EFBC}") = "MyMath.Tests", "MyMath.Tests\MyMath.Tests.csproj", "{9E8B6728-319E-4DD0-8671-6977D1FDC5CF}"
EndProject
Global
	GlobalSection(SolutionConfigurationPlatforms) = preSolution
		Debug|Any CPU = Debug|Any CPU
		Debug|x64 = Debug|x64
		Debug|x86 = Debug|x86
		Release|Any CPU = Release|Any CPU
		Release|x64 = Release|x64
		Release|x86 = Release|x86
	EndGlobalSection
	GlobalSection(SolutionProperties) = preSolution
		HideSolutionNode = FALSE
	EndGlobalSection
	GlobalSection(ProjectConfigurationPlatforms) = postSolution
		{C44B0E55-8781-42C9-AC33-F0A54D38F6E9}.Debug|Any CPU.ActiveCfg = Debug|Any CPU
		{C44B0E55-8781-42C9-AC33-F0A54D38F6E9}.Debug|Any CPU.Build.0 = Debug|Any CPU
		{C44B0E55-8781-42C9-AC33-F0A54D38F6E9}.Debug|x64.ActiveCfg = Debug|Any CPU
		{C44B0E55-8781-42C9-AC33-F0A54D38F6E9}.Debug|x64.Build.0 = Debug|Any CPU
		{C44B0E55-8781-42C9-AC33-F0A54D38F6E9}.Debug|x86.ActiveCfg = Debug|Any CPU
		{C44B0E55-8781-42C9-AC33-F0A54D38F6E9}.Debug|x86.Build.0 = Debug|Any CPU
		{C44B0E55-8781-42C9-AC33-F0A54D38F6E9}.Release|Any CPU.ActiveCfg = Release|Any CPU
		{C44B0E55-8781-42C9-AC33-F0A54D38F6E9}.Release|Any CPU.Build.0 = Release|Any CPU
		{C44B0E55-8781-42C9-AC33-F0A54D38F6E9}.Release|x64.ActiveCfg = Release|Any CPU
		{C44B0E55-8781-42C9-AC33-F0A54D38F6E9}.Release|x64.Build.0 = Release|Any CPU
		{C44B0E55-8781-42C9-AC33-F0A54D38F6E9}.Release|x86.ActiveCfg = Release|Any CPU
		{C44B0E55-8781-42C9-AC33-F0A54D38F6E9}.Release|x86.Build.0 = Release|Any CPU
		{9E8B6728-319E-4DD0-8671-6977D1FDC5CF}.Debug|Any CPU.ActiveCfg = Debug|Any CPU
		{9E8B6728-319E-4DD0-8671-6977D1FDC5CF}.Debug|Any CPU.Build.0 = Debug|Any CPU
		{9E8B6728-319E-4DD0-8671-6977D1FDC5CF}.Debug|x64.ActiveCfg = Debug|Any CPU
		{9E8B6728-319E-4DD0-8671-6977D1FDC5CF}.Debug|x64.Build.0 = Debug|Any CPU
		{9E8B6728-319E-4DD0-8671-6977D1FDC5CF}.Debug|x86.ActiveCfg = Debug|Any CPU
		{9E8B6728-319E-4DD0-8671-6977D1FDC5CF}.Debug|x86.Build.0 = Debug|Any CPU
		{9E8B6728-319E-4DD0-8671-6977D1FDC5CF}.Release|Any CPU.ActiveCfg = Release|Any CPU
		{9E8B6728-319E-4DD0-8671-6977D1FDC5CF}.Release|Any CPU.Build.0 = Release|Any CPU
		{9E8B6728-319E-4DD0-8671-6977D1FDC5CF}.Release|x64.ActiveCfg = Release|Any CPU
		{9E8B6728-319E-4DD0-8671-6977D1FDC5CF}.Release|x64.Build.0 = Release|Any CPU
		{9E8B6728-319E-4DD0-8671-6977D1FDC5CF}.Release|x86.ActiveCfg = Release|Any CPU
		{9E8B6728-319E-4DD0-8671-6977D1FDC5CF}.Release|x86.Build.0 = Release|Any CPU
	EndGlobalSection
EndGlobal
